
Microsoft Visual Studio Solution File, Format Version 12.00
# Visual Studio Version 16
VisualStudioVersion = 16.0.30611.23
MinimumVisualStudioVersion = 10.0.40219.1
Project("{FAE04EC0-301F-11D3-BF4B-00C04F79EFBC}") = "Tic_Tac_Toe1.Android", "Tic_Tac_Toe1\Tic_Tac_Toe1.Android\Tic_Tac_Toe1.Android.csproj", "{6F219B05-018E-47FA-90DD-F8EB8627E650}"
EndProject
Project("{FAE04EC0-301F-11D3-BF4B-00C04F79EFBC}") = "Tic_Tac_Toe1", "Tic_Tac_Toe1\Tic_Tac_Toe1\Tic_Tac_Toe1.csproj", "{88F92728-B0BF-4572-9158-2DCD1CE9A363}"
EndProject
Global
	GlobalSection(SolutionConfigurationPlatforms) = preSolution
		Debug|Any CPU = Debug|Any CPU
		Release|Any CPU = Release|Any CPU
	EndGlobalSection
	GlobalSection(ProjectConfigurationPlatforms) = postSolution
		{6F219B05-018E-47FA-90DD-F8EB8627E650}.Debug|Any CPU.ActiveCfg = Debug|Any CPU
		{6F219B05-018E-47FA-90DD-F8EB8627E650}.Debug|Any CPU.Build.0 = Debug|Any CPU
		{6F219B05-018E-47FA-90DD-F8EB8627E650}.Debug|Any CPU.Deploy.0 = Debug|Any CPU
		{6F219B05-018E-47FA-90DD-F8EB8627E650}.Release|Any CPU.ActiveCfg = Release|Any CPU
		{6F219B05-018E-47FA-90DD-F8EB8627E650}.Release|Any CPU.Build.0 = Release|Any CPU
		{6F219B05-018E-47FA-90DD-F8EB8627E650}.Release|Any CPU.Deploy.0 = Release|Any CPU
		{88F92728-B0BF-4572-9158-2DCD1CE9A363}.Debug|Any CPU.ActiveCfg = Debug|Any CPU
		{88F92728-B0BF-4572-9158-2DCD1CE9A363}.Debug|Any CPU.Build.0 = Debug|Any CPU
		{88F92728-B0BF-4572-9158-2DCD1CE9A363}.Debug|Any CPU.Deploy.0 = Debug|Any CPU
		{88F92728-B0BF-4572-9158-2DCD1CE9A363}.Release|Any CPU.ActiveCfg = Release|Any CPU
		{88F92728-B0BF-4572-9158-2DCD1CE9A363}.Release|Any CPU.Build.0 = Release|Any CPU
		{88F92728-B0BF-4572-9158-2DCD1CE9A363}.Release|Any CPU.Deploy.0 = Release|Any CPU
	EndGlobalSection
	GlobalSection(SolutionProperties) = preSolution
		HideSolutionNode = FALSE
	EndGlobalSection
	GlobalSection(ExtensibilityGlobals) = postSolution
		SolutionGuid = {85DAACF9-9B2D-4F61-A832-04E222FC0DC0}
	EndGlobalSection
EndGlobal
